
Microsoft Visual Studio Solution File, Format Version 12.00
# Visual Studio Version 17
VisualStudioVersion = 17.10.35013.160
MinimumVisualStudioVersion = 10.0.40219.1
Project("{FAE04EC0-301F-11D3-BF4B-00C04F79EFBC}") = "7", "7.csproj", "{F340E1FC-B190-4CCC-9520-D575C3CF765C}"
EndProject
Global
	GlobalSection(SolutionConfigurationPlatforms) = preSolution
		Debug|Any CPU = Debug|Any CPU
		Release|Any CPU = Release|Any CPU
	EndGlobalSection
	GlobalSection(ProjectConfigurationPlatforms) = postSolution
		{F340E1FC-B190-4CCC-9520-D575C3CF765C}.Debug|Any CPU.ActiveCfg = Debug|Any CPU
		{F340E1FC-B190-4CCC-9520-D575C3CF765C}.Debug|Any CPU.Build.0 = Debug|Any CPU
		{F340E1FC-B190-4CCC-9520-D575C3CF765C}.Release|Any CPU.ActiveCfg = Release|Any CPU
		{F340E1FC-B190-4CCC-9520-D575C3CF765C}.Release|Any CPU.Build.0 = Release|Any CPU
	EndGlobalSection
	GlobalSection(SolutionProperties) = preSolution
		HideSolutionNode = FALSE
	EndGlobalSection
	GlobalSection(ExtensibilityGlobals) = postSolution
		SolutionGuid = {547FFD21-136A-47BF-AA83-3315260B547B}
	EndGlobalSection
EndGlobal
