
Microsoft Visual Studio Solution File, Format Version 12.00
# Visual Studio Version 17
VisualStudioVersion = 17.10.35013.160
MinimumVisualStudioVersion = 10.0.40219.1
Project("{9A19103F-16F7-4668-BE54-9A1E7A4F7556}") = "3-sigma", "3-sigma.csproj", "{79B3AD9F-8A49-4838-B4BD-868FF69FACD0}"
EndProject
Project("{FAE04EC0-301F-11D3-BF4B-00C04F79EFBC}") = "Task-2", "..\Task-2\Task-2.csproj", "{75469BCB-AF90-480B-96D5-83CC466178DA}"
EndProject
Project("{FAE04EC0-301F-11D3-BF4B-00C04F79EFBC}") = "Task-3", "..\Task-3\Task-3.csproj", "{5D979BEE-0C49-4EE2-8186-8F3141854B1E}"
EndProject
Global
	GlobalSection(SolutionConfigurationPlatforms) = preSolution
		Debug|Any CPU = Debug|Any CPU
		Release|Any CPU = Release|Any CPU
	EndGlobalSection
	GlobalSection(ProjectConfigurationPlatforms) = postSolution
		{79B3AD9F-8A49-4838-B4BD-868FF69FACD0}.Debug|Any CPU.ActiveCfg = Debug|Any CPU
		{79B3AD9F-8A49-4838-B4BD-868FF69FACD0}.Debug|Any CPU.Build.0 = Debug|Any CPU
		{79B3AD9F-8A49-4838-B4BD-868FF69FACD0}.Release|Any CPU.ActiveCfg = Release|Any CPU
		{79B3AD9F-8A49-4838-B4BD-868FF69FACD0}.Release|Any CPU.Build.0 = Release|Any CPU
		{75469BCB-AF90-480B-96D5-83CC466178DA}.Debug|Any CPU.ActiveCfg = Debug|Any CPU
		{75469BCB-AF90-480B-96D5-83CC466178DA}.Debug|Any CPU.Build.0 = Debug|Any CPU
		{75469BCB-AF90-480B-96D5-83CC466178DA}.Release|Any CPU.ActiveCfg = Release|Any CPU
		{75469BCB-AF90-480B-96D5-83CC466178DA}.Release|Any CPU.Build.0 = Release|Any CPU
		{5D979BEE-0C49-4EE2-8186-8F3141854B1E}.Debug|Any CPU.ActiveCfg = Debug|Any CPU
		{5D979BEE-0C49-4EE2-8186-8F3141854B1E}.Debug|Any CPU.Build.0 = Debug|Any CPU
		{5D979BEE-0C49-4EE2-8186-8F3141854B1E}.Release|Any CPU.ActiveCfg = Release|Any CPU
		{5D979BEE-0C49-4EE2-8186-8F3141854B1E}.Release|Any CPU.Build.0 = Release|Any CPU
	EndGlobalSection
	GlobalSection(SolutionProperties) = preSolution
		HideSolutionNode = FALSE
	EndGlobalSection
	GlobalSection(ExtensibilityGlobals) = postSolution
		SolutionGuid = {E842C4FD-3C3C-407F-9EC9-57377B97D584}
	EndGlobalSection
EndGlobal
